
Microsoft Visual Studio Solution File, Format Version 12.00
# Visual Studio 15
VisualStudioVersion = 15.0.27130.2024
MinimumVisualStudioVersion = 10.0.40219.1
Project("{9A19103F-16F7-4668-BE54-9A1E7A4F7556}") = "Microsoft.Azure.Cosmos.Table", "src\Microsoft.Azure.Cosmos.Table.csproj", "{5A270D04-B29A-41EC-BEED-A11A2034FDD4}"
EndProject
Global
	GlobalSection(SolutionConfigurationPlatforms) = preSolution
		Debug|Any CPU = Debug|Any CPU
		Debug|x64 = Debug|x64
		Release|Any CPU = Release|Any CPU
		Release|x64 = Release|x64
	EndGlobalSection
	GlobalSection(ProjectConfigurationPlatforms) = postSolution
		{5A270D04-B29A-41EC-BEED-A11A2034FDD4}.Debug|Any CPU.ActiveCfg = Debug|Any CPU
		{5A270D04-B29A-41EC-BEED-A11A2034FDD4}.Debug|Any CPU.Build.0 = Debug|Any CPU
		{5A270D04-B29A-41EC-BEED-A11A2034FDD4}.Debug|x64.ActiveCfg = Debug|Any CPU
		{5A270D04-B29A-41EC-BEED-A11A2034FDD4}.Debug|x64.Build.0 = Debug|Any CPU
		{5A270D04-B29A-41EC-BEED-A11A2034FDD4}.Release|Any CPU.ActiveCfg = Release|Any CPU
		{5A270D04-B29A-41EC-BEED-A11A2034FDD4}.Release|Any CPU.Build.0 = Release|Any CPU
		{5A270D04-B29A-41EC-BEED-A11A2034FDD4}.Release|x64.ActiveCfg = Release|Any CPU
		{5A270D04-B29A-41EC-BEED-A11A2034FDD4}.Release|x64.Build.0 = Release|Any CPU
	EndGlobalSection
	GlobalSection(SolutionProperties) = preSolution
		HideSolutionNode = FALSE
	EndGlobalSection
	GlobalSection(ExtensibilityGlobals) = postSolution
		SolutionGuid = {C6A1D820-CB03-4DE6-87D1-46EF476F0040}
	EndGlobalSection
EndGlobal
